
Microsoft Visual Studio Solution File, Format Version 12.00
# Visual Studio Version 16
VisualStudioVersion = 16.0.30517.126
MinimumVisualStudioVersion = 10.0.40219.1
Project("{FAE04EC0-301F-11D3-BF4B-00C04F79EFBC}") = "WhileLoops", "WhileLoops\WhileLoops.csproj", "{52BED6FD-46C4-4F97-80A5-3732E0DD3A22}"
EndProject
Project("{FAE04EC0-301F-11D3-BF4B-00C04F79EFBC}") = "PINValitationTreeTries", "PINValitationTreeTries\PINValitationTreeTries.csproj", "{3AFAB0DA-23D8-4391-824A-0502DDA2B094}"
EndProject
Project("{FAE04EC0-301F-11D3-BF4B-00C04F79EFBC}") = "LogInValitation", "LogInValitation\LogInValitation.csproj", "{3E59963E-767F-4F2C-B5E8-42E721611EDA}"
EndProject
Global
	GlobalSection(SolutionConfigurationPlatforms) = preSolution
		Debug|Any CPU = Debug|Any CPU
		Release|Any CPU = Release|Any CPU
	EndGlobalSection
	GlobalSection(ProjectConfigurationPlatforms) = postSolution
		{52BED6FD-46C4-4F97-80A5-3732E0DD3A22}.Debug|Any CPU.ActiveCfg = Debug|Any CPU
		{52BED6FD-46C4-4F97-80A5-3732E0DD3A22}.Debug|Any CPU.Build.0 = Debug|Any CPU
		{52BED6FD-46C4-4F97-80A5-3732E0DD3A22}.Release|Any CPU.ActiveCfg = Release|Any CPU
		{52BED6FD-46C4-4F97-80A5-3732E0DD3A22}.Release|Any CPU.Build.0 = Release|Any CPU
		{3AFAB0DA-23D8-4391-824A-0502DDA2B094}.Debug|Any CPU.ActiveCfg = Debug|Any CPU
		{3AFAB0DA-23D8-4391-824A-0502DDA2B094}.Debug|Any CPU.Build.0 = Debug|Any CPU
		{3AFAB0DA-23D8-4391-824A-0502DDA2B094}.Release|Any CPU.ActiveCfg = Release|Any CPU
		{3AFAB0DA-23D8-4391-824A-0502DDA2B094}.Release|Any CPU.Build.0 = Release|Any CPU
		{3E59963E-767F-4F2C-B5E8-42E721611EDA}.Debug|Any CPU.ActiveCfg = Debug|Any CPU
		{3E59963E-767F-4F2C-B5E8-42E721611EDA}.Debug|Any CPU.Build.0 = Debug|Any CPU
		{3E59963E-767F-4F2C-B5E8-42E721611EDA}.Release|Any CPU.ActiveCfg = Release|Any CPU
		{3E59963E-767F-4F2C-B5E8-42E721611EDA}.Release|Any CPU.Build.0 = Release|Any CPU
	EndGlobalSection
	GlobalSection(SolutionProperties) = preSolution
		HideSolutionNode = FALSE
	EndGlobalSection
	GlobalSection(ExtensibilityGlobals) = postSolution
		SolutionGuid = {461AC9E6-C0D8-489E-AD5D-44E30536273D}
	EndGlobalSection
EndGlobal
